
Microsoft Visual Studio Solution File, Format Version 11.00
# Visual Studio 2010
Project("{8BC9CEB8-8B4A-11D0-8D11-00A0C91BC942}") = "6502 simulator", "6502 simulator\6502 simulator.vcxproj", "{4B524D94-B78C-4D26-86B9-028B5AFB0FBD}"
EndProject
Global
	GlobalSection(SolutionConfigurationPlatforms) = preSolution
		Debug|Win32 = Debug|Win32
		Release|Win32 = Release|Win32
	EndGlobalSection
	GlobalSection(ProjectConfigurationPlatforms) = postSolution
		{4B524D94-B78C-4D26-86B9-028B5AFB0FBD}.Debug|Win32.ActiveCfg = Debug|Win32
		{4B524D94-B78C-4D26-86B9-028B5AFB0FBD}.Debug|Win32.Build.0 = Debug|Win32
		{4B524D94-B78C-4D26-86B9-028B5AFB0FBD}.Release|Win32.ActiveCfg = Release|Win32
		{4B524D94-B78C-4D26-86B9-028B5AFB0FBD}.Release|Win32.Build.0 = Release|Win32
	EndGlobalSection
	GlobalSection(SolutionProperties) = preSolution
		HideSolutionNode = FALSE
	EndGlobalSection
EndGlobal
